
Microsoft Visual Studio Solution File, Format Version 11.00
# Visual Studio 2010
Project("{2150E333-8FDC-42A3-9474-1A3956D46DE8}") = "Libraries", "Libraries", "{9ACD3BD8-9AAC-4581-A9DF-682933189081}"
EndProject
Project("{FAE04EC0-301F-11D3-BF4B-00C04F79EFBC}") = "monotifications", "monotifications\monotifications.csproj", "{BB20A206-C7C4-49F8-B9A0-3497D9ABBC82}"
EndProject
Project("{2150E333-8FDC-42A3-9474-1A3956D46DE8}") = "Console Applications", "Console Applications", "{6B30DA4C-190F-44AC-92A3-D36E09A51A5C}"
EndProject
Project("{FAE04EC0-301F-11D3-BF4B-00C04F79EFBC}") = "notificationConsoleClient", "notificationConsoleClient\notificationConsoleClient.csproj", "{2D03910C-0472-4051-A946-BB70ADB95DD5}"
EndProject
Project("{FAE04EC0-301F-11D3-BF4B-00C04F79EFBC}") = "notificationConsoleServer", "notificationConsoleServer\notificationConsoleServer.csproj", "{63AAF57E-A6C2-48E9-A6F9-2430AED03398}"
EndProject
Project("{9344bdbb-3e7f-41fc-a0dd-8665d75ee146}") = "Packages", "Packages.mdproj", "{42EE15EA-9368-4860-B024-9B73D863F83A}"
EndProject
Project("{2150E333-8FDC-42A3-9474-1A3956D46DE8}") = "GUI Applications", "GUI Applications", "{A40DE81D-2E96-4D0F-8EF9-EE9D192BDE46}"
EndProject
Project("{FAE04EC0-301F-11D3-BF4B-00C04F79EFBC}") = "notificationClient", "notificationClient\notificationClient.csproj", "{BAC33080-0538-4345-8EF8-63C9914F094C}"
EndProject
Project("{9344bdbb-3e7f-41fc-a0dd-8665d75ee146}") = "Packages", "notificationClient\Packages.mdproj", "{E651F9CD-610B-48E0-8E2D-BC4A231188B4}"
EndProject
Global
	GlobalSection(SolutionConfigurationPlatforms) = preSolution
		Debug|x86 = Debug|x86
		Release|x86 = Release|x86
	EndGlobalSection
	GlobalSection(ProjectConfigurationPlatforms) = postSolution
		{2D03910C-0472-4051-A946-BB70ADB95DD5}.Debug|x86.ActiveCfg = Debug|x86
		{2D03910C-0472-4051-A946-BB70ADB95DD5}.Debug|x86.Build.0 = Debug|x86
		{2D03910C-0472-4051-A946-BB70ADB95DD5}.Release|x86.ActiveCfg = Release|x86
		{2D03910C-0472-4051-A946-BB70ADB95DD5}.Release|x86.Build.0 = Release|x86
		{42EE15EA-9368-4860-B024-9B73D863F83A}.Debug|x86.ActiveCfg = Debug|Any CPU
		{42EE15EA-9368-4860-B024-9B73D863F83A}.Release|x86.ActiveCfg = Release|Any CPU
		{63AAF57E-A6C2-48E9-A6F9-2430AED03398}.Debug|x86.ActiveCfg = Debug|x86
		{63AAF57E-A6C2-48E9-A6F9-2430AED03398}.Debug|x86.Build.0 = Debug|x86
		{63AAF57E-A6C2-48E9-A6F9-2430AED03398}.Release|x86.ActiveCfg = Release|x86
		{63AAF57E-A6C2-48E9-A6F9-2430AED03398}.Release|x86.Build.0 = Release|x86
		{BAC33080-0538-4345-8EF8-63C9914F094C}.Debug|x86.ActiveCfg = Debug|x86
		{BAC33080-0538-4345-8EF8-63C9914F094C}.Debug|x86.Build.0 = Debug|x86
		{BAC33080-0538-4345-8EF8-63C9914F094C}.Release|x86.ActiveCfg = Release|x86
		{BAC33080-0538-4345-8EF8-63C9914F094C}.Release|x86.Build.0 = Release|x86
		{BB20A206-C7C4-49F8-B9A0-3497D9ABBC82}.Debug|x86.ActiveCfg = Debug|x86
		{BB20A206-C7C4-49F8-B9A0-3497D9ABBC82}.Debug|x86.Build.0 = Debug|x86
		{BB20A206-C7C4-49F8-B9A0-3497D9ABBC82}.Release|x86.ActiveCfg = Release|x86
		{BB20A206-C7C4-49F8-B9A0-3497D9ABBC82}.Release|x86.Build.0 = Release|x86
		{E651F9CD-610B-48E0-8E2D-BC4A231188B4}.Debug|x86.ActiveCfg = Debug|Any CPU
		{E651F9CD-610B-48E0-8E2D-BC4A231188B4}.Release|x86.ActiveCfg = Release|Any CPU
	EndGlobalSection
	GlobalSection(NestedProjects) = preSolution
		{BB20A206-C7C4-49F8-B9A0-3497D9ABBC82} = {9ACD3BD8-9AAC-4581-A9DF-682933189081}
		{2D03910C-0472-4051-A946-BB70ADB95DD5} = {6B30DA4C-190F-44AC-92A3-D36E09A51A5C}
		{63AAF57E-A6C2-48E9-A6F9-2430AED03398} = {6B30DA4C-190F-44AC-92A3-D36E09A51A5C}
		{42EE15EA-9368-4860-B024-9B73D863F83A} = {6B30DA4C-190F-44AC-92A3-D36E09A51A5C}
		{BAC33080-0538-4345-8EF8-63C9914F094C} = {A40DE81D-2E96-4D0F-8EF9-EE9D192BDE46}
		{E651F9CD-610B-48E0-8E2D-BC4A231188B4} = {A40DE81D-2E96-4D0F-8EF9-EE9D192BDE46}
	EndGlobalSection
	GlobalSection(MonoDevelopProperties) = preSolution
		StartupItem = notificationConsoleClient\notificationConsoleClient.csproj
		Policies = $0
		$0.DotNetNamingPolicy = $1
		$1.DirectoryNamespaceAssociation = None
		$1.ResourceNamePolicy = FileFormatDefault
		$0.TextStylePolicy = $2
		$2.EolMarker = Unix
		$2.inheritsSet = Mono
		$2.inheritsScope = text/plain
		$2.scope = text/x-csharp
		$0.CSharpFormattingPolicy = $3
		$3.IndentSwitchBody = True
		$3.NamespaceBraceStyle = EndOfLine
		$3.ClassBraceStyle = EndOfLine
		$3.InterfaceBraceStyle = EndOfLine
		$3.StructBraceStyle = EndOfLine
		$3.EnumBraceStyle = EndOfLine
		$3.DestructorBraceStyle = EndOfLine
		$3.inheritsSet = Mono
		$3.inheritsScope = text/x-csharp
		$3.scope = text/x-csharp
		$0.TextStylePolicy = $4
		$4.FileWidth = 120
		$4.TabWidth = 4
		$4.inheritsSet = Mono
		$4.inheritsScope = text/plain
		$4.scope = text/plain
		$0.StandardHeader = $5
		$5.Text = 
		$5.IncludeInNewFiles = True
	EndGlobalSection
EndGlobal
